# Run ./gradlew --write-locks to regenerate this file
com.amazonaws:aws-java-sdk-core:1.11.166 (2 constraints: 751af57f)
com.amazonaws:aws-java-sdk-kms:1.11.166 (1 constraints: c50cea1e)
com.amazonaws:jmespath-java:1.11.166 (1 constraints: b10d1d4b)
com.babylon.certificatetransparency:certificatetransparency:0.2.0 (1 constraints: 0405f135)
com.baulsupp:okhttp-digest:0.4.0 (1 constraints: 0605f735)
com.baulsupp:oksocial-output:4.32.0 (1 constraints: 3b05493b)
com.fasterxml.jackson.core:jackson-annotations:2.9.9 (3 constraints: e13d81a2)
com.fasterxml.jackson.core:jackson-core:2.9.9 (7 constraints: 449b284c)
com.fasterxml.jackson.core:jackson-databind:2.9.9.1 (9 constraints: 50940584)
com.fasterxml.jackson.dataformat:jackson-dataformat-cbor:2.9.9 (3 constraints: 841fbdf0)
com.fasterxml.jackson.dataformat:jackson-dataformat-yaml:2.9.9 (2 constraints: 07127200)
com.fasterxml.jackson.datatype:jackson-datatype-jdk8:2.9.9 (2 constraints: 07127200)
com.fasterxml.jackson.datatype:jackson-datatype-jsr310:2.9.9 (2 constraints: 07127200)
com.fasterxml.jackson.module:jackson-module-kotlin:2.9.9 (1 constraints: 16051936)
com.fasterxml.jackson.module:jackson-module-parameter-names:2.9.9 (2 constraints: 07127200)
com.github.jnr:jffi:1.2.20 (2 constraints: 590fe59e)
com.github.jnr:jnr-a64asm:1.0.0 (1 constraints: e709bdb2)
com.github.jnr:jnr-constants:0.9.12 (3 constraints: 68232dae)
com.github.jnr:jnr-enxio:0.21 (1 constraints: d30cdf08)
com.github.jnr:jnr-ffi:2.1.10 (3 constraints: 50236baa)
com.github.jnr:jnr-posix:3.0.50 (1 constraints: 360d2023)
com.github.jnr:jnr-unixsocket:0.23 (1 constraints: d904f230)
com.github.jnr:jnr-x86asm:1.0.2 (1 constraints: e909bfb2)
com.github.markusbernhardt:proxy-vole:1.0.5 (1 constraints: 0805f535)
com.github.mrmike:ok2curl:0.5.0 (1 constraints: 0705fa35)
com.google.api-client:google-api-client:1.22.0 (2 constraints: 291fe6ea)
com.google.apis:google-api-services-cloudkms:v1-rev9-1.22.0 (1 constraints: e10e727a)
com.google.auto:auto-common:0.8 (1 constraints: 430f6767)
com.google.auto.service:auto-service:1.0-rc4 (1 constraints: fe0c3e13)
com.google.code.findbugs:jsr305:3.0.2 (4 constraints: d7324f04)
com.google.code.gson:gson:2.8.5 (1 constraints: 4f10faa1)
com.google.crypto.tink:tink:1.2.2 (1 constraints: 0705f835)
com.google.errorprone:error_prone_annotations:2.1.3 (1 constraints: 180aebb4)
com.google.guava:guava:25.0-jre (1 constraints: 6c0d5a20)
com.google.guava:guava-jdk5:17.0 (1 constraints: 3a1099a2)
com.google.http-client:google-http-client:1.22.0 (2 constraints: 4b27fe1f)
com.google.http-client:google-http-client-jackson2:1.22.0 (1 constraints: 951082c3)
com.google.j2objc:j2objc-annotations:1.1 (1 constraints: b609eba0)
com.google.oauth-client:google-oauth-client:1.22.0 (1 constraints: 951082c3)
com.google.protobuf:protobuf-java:3.6.0 (1 constraints: 2e0c43f9)
com.jakewharton.byteunits:byteunits:0.9.1 (2 constraints: b8124bef)
com.kitfox.svg:svg-salamander:1.0 (2 constraints: 5112e2d6)
com.squareup.moshi:moshi:1.8.0 (3 constraints: a021f0b2)
com.squareup.moshi:moshi-adapters:1.8.0 (1 constraints: 0b050836)
com.squareup.moshi:moshi-kotlin:1.8.0 (1 constraints: 0b050836)
com.squareup.okhttp3:logging-interceptor:4.2.0 (1 constraints: 08050536)
com.squareup.okhttp3:okhttp:4.2.0 (11 constraints: 7499b695)
com.squareup.okhttp3:okhttp-brotli:4.2.0 (1 constraints: 08050536)
com.squareup.okhttp3:okhttp-dnsoverhttps:4.2.0 (1 constraints: 08050536)
com.squareup.okhttp3:okhttp-sse:4.2.0 (1 constraints: 08050536)
com.squareup.okhttp3:okhttp-tls:4.2.0 (1 constraints: 08050536)
com.squareup.okio:okio:2.2.2 (6 constraints: 204494ca)
com.squareup.retrofit2:converter-gson:2.6.1 (1 constraints: 9719b8a2)
com.squareup.retrofit2:retrofit:2.6.1 (2 constraints: df29e7dd)
commons-codec:commons-codec:1.9 (1 constraints: c90f9e71)
commons-io:commons-io:2.6 (2 constraints: 5812e7d7)
commons-logging:commons-logging:1.2 (2 constraints: 351dc2e5)
info.picocli:picocli:4.0.0-beta-1b (1 constraints: 8f07b669)
io.jsonwebtoken:jjwt-api:0.10.6 (3 constraints: fa1d8d81)
io.jsonwebtoken:jjwt-impl:0.10.6 (1 constraints: 3905293b)
io.jsonwebtoken:jjwt-jackson:0.10.6 (1 constraints: 3905293b)
io.netty:netty-buffer:4.1.37.Final (4 constraints: 4c35e1d1)
io.netty:netty-codec:4.1.37.Final (2 constraints: db1b59b8)
io.netty:netty-codec-dns:4.1.37.Final (1 constraints: a80e5b5c)
io.netty:netty-common:4.1.37.Final (6 constraints: be4e4177)
io.netty:netty-resolver:4.1.37.Final (2 constraints: 581c08d5)
io.netty:netty-resolver-dns:4.1.37.Final (1 constraints: 59075a61)
io.netty:netty-transport:4.1.37.Final (3 constraints: 9c27d872)
io.zipkin.brave:brave:5.7.0 (3 constraints: 232be4af)
io.zipkin.brave:brave-core:4.13.6 (1 constraints: e60b63f5)
io.zipkin.brave:brave-http:4.13.6 (1 constraints: c00c4913)
io.zipkin.brave:brave-instrumentation-http:5.6.10 (1 constraints: 9213be50)
io.zipkin.brave:brave-instrumentation-okhttp3:5.6.10 (1 constraints: 3e05553b)
io.zipkin.brave:brave-okhttp:4.13.6 (1 constraints: 40054a3b)
io.zipkin.java:zipkin:2.10.1 (1 constraints: 3605303b)
io.zipkin.reporter2:zipkin-reporter:2.10.2 (3 constraints: 3d27d83b)
io.zipkin.reporter2:zipkin-sender-okhttp3:2.10.2 (1 constraints: 3705313b)
io.zipkin.zipkin2:zipkin:2.16.0 (5 constraints: fa40c6c7)
javax.activation:activation:1.1.1 (2 constraints: b1123cee)
joda-time:joda-time:2.8.1 (1 constraints: 7a0dd431)
net.java.dev.jna:jna:4.5.1 (2 constraints: fd1c7b1e)
net.java.dev.jna:jna-platform:4.5.1 (1 constraints: 6c1013a3)
org.apache.commons:commons-lang3:3.9 (1 constraints: b004292c)
org.apache.httpcomponents:httpclient:4.5.2 (2 constraints: ea1e14b4)
org.apache.httpcomponents:httpcore:4.4.4 (1 constraints: 2910c091)
org.bouncycastle:bcpkix-jdk15on:1.62 (1 constraints: 69192189)
org.bouncycastle:bcprov-jdk15on:1.62 (4 constraints: 413945a1)
org.brotli:dec:0.1.2 (2 constraints: 0a145678)
org.checkerframework:checker-compat-qual:2.0.0 (1 constraints: 140ae5b4)
org.codehaus.mojo:animal-sniffer-annotations:1.14 (1 constraints: ea09d5aa)
org.conscrypt:conscrypt-openjdk-uber:2.2.1 (1 constraints: 0705fc35)
org.fusesource.jansi:jansi:1.18 (1 constraints: de04f930)
org.ini4j:ini4j:0.5.4 (1 constraints: 6b1002a3)
org.javadelight:delight-nashorn-sandbox:0.1.14 (1 constraints: 98108bb3)
org.jetbrains:annotations:13.0 (1 constraints: df0e795c)
org.jetbrains.intellij.deps:trove4j:1.0.20181211 (2 constraints: cc27bfd6)
org.jetbrains.kotlin:kotlin-compiler-embeddable:1.3.50 (1 constraints: 3b05393b)
org.jetbrains.kotlin:kotlin-daemon-client:1.3.50 (1 constraints: 401194d7)
org.jetbrains.kotlin:kotlin-daemon-embeddable:1.3.50 (1 constraints: 3d147d7d)
org.jetbrains.kotlin:kotlin-reflect:1.3.50 (8 constraints: cd7cf1b6)
org.jetbrains.kotlin:kotlin-script-runtime:1.3.50 (3 constraints: 8837e3ac)
org.jetbrains.kotlin:kotlin-script-util:1.3.50 (1 constraints: 3b05393b)
org.jetbrains.kotlin:kotlin-scripting-common:1.3.50 (1 constraints: 0d122100)
org.jetbrains.kotlin:kotlin-scripting-jvm:1.3.50 (1 constraints: 401194d7)
org.jetbrains.kotlin:kotlin-stdlib:1.3.50 (14 constraints: 62eb7f60)
org.jetbrains.kotlin:kotlin-stdlib-common:1.3.50 (4 constraints: 574a3b0a)
org.jetbrains.kotlin:kotlin-stdlib-jdk7:1.3.50 (2 constraints: a62aa37e)
org.jetbrains.kotlin:kotlin-stdlib-jdk8:1.3.50 (3 constraints: e11f3f34)
org.jetbrains.kotlinx:kotlinx-coroutines-core:1.3.1 (8 constraints: 4e86d635)
org.jetbrains.kotlinx:kotlinx-coroutines-debug:1.3.1 (1 constraints: 0705fa35)
org.jetbrains.kotlinx:kotlinx-coroutines-jdk8:1.3.1 (1 constraints: 0705fa35)
org.jfree:jfreesvg:3.3 (2 constraints: 56129fd7)
org.json:json:20170516 (1 constraints: cf0c281f)
org.ow2.asm:asm:7.1 (4 constraints: ac24356f)
org.ow2.asm:asm-analysis:7.1 (3 constraints: 161cd5f5)
org.ow2.asm:asm-commons:7.1 (1 constraints: 9009329f)
org.ow2.asm:asm-tree:7.1 (4 constraints: 60266f1a)
org.ow2.asm:asm-util:7.1 (1 constraints: 9009329f)
org.slf4j:slf4j-api:2.0.0-alpha0 (7 constraints: ca5d3093)
org.slf4j:slf4j-jdk14:2.0.0-alpha0 (1 constraints: 67079862)
org.webjars.bower:js-beautify:1.6.12 (1 constraints: 2811cad3)
org.yaml:snakeyaml:1.23 (1 constraints: 6e17f627)
org.zeroturnaround:zt-exec:1.11 (2 constraints: 8312c2e2)
pt.davidafsilva.apple:jkeychain:1.0.0 (1 constraints: 0305f035)
software.amazon.ion:ion-java:1.0.2 (1 constraints: 720db831)

[Test dependencies]
com.squareup.okhttp3:mockwebserver:4.2.0 (1 constraints: 08050536)
junit:junit:4.12 (2 constraints: 7e1fbab3)
org.apiguardian:apiguardian-api:1.1.0 (4 constraints: 57436f9e)
org.hamcrest:hamcrest-core:1.3 (1 constraints: cc05fe3f)
org.jetbrains.kotlin:kotlin-test:1.3.50 (2 constraints: 1116dff9)
org.jetbrains.kotlin:kotlin-test-annotations-common:1.3.50 (1 constraints: d710b7c3)
org.jetbrains.kotlin:kotlin-test-common:1.3.50 (1 constraints: 800ead58)
org.jetbrains.kotlin:kotlin-test-junit:1.3.50 (1 constraints: 3b05393b)
org.junit.jupiter:junit-jupiter-api:5.5.2 (2 constraints: b915b9d7)
org.junit.jupiter:junit-jupiter-engine:5.5.2 (1 constraints: 0e051536)
org.junit.platform:junit-platform-commons:1.5.2 (2 constraints: d720664a)
org.junit.platform:junit-platform-engine:1.5.2 (1 constraints: a8101eb4)
org.opentest4j:opentest4j:1.2.0 (2 constraints: cd205b49)
